{
  "name": "Algorithms",
  "lockfileVersion": 3,
  "requires": true,
  "packages": {
    "": {
      "dependencies": {
        "heap-js": "^2.5.0",
        "heapify": "^0.6.0",
        "sorted-btree": "^1.8.1"
      }
    },
    "node_modules/heap-js": {
      "version": "2.5.0",
      "resolved": "https://registry.npmjs.org/heap-js/-/heap-js-2.5.0.tgz",
      "integrity": "sha512-kUGoI3p7u6B41z/dp33G6OaL7J4DRqRYwVmeIlwLClx7yaaAy7hoDExnuejTKtuDwfcatGmddHDEOjf6EyIxtQ==",
      "license": "BSD-3-Clause",
      "engines": {
        "node": ">=10.0.0"
      }
    },
    "node_modules/heapify": {
      "version": "0.6.0",
      "resolved": "https://registry.npmjs.org/heapify/-/heapify-0.6.0.tgz",
      "integrity": "sha512-TeTASfpsbj7CndSUiFHHAcFLV1vbHkpBzoWT7Eonxq8Jxv5O0KQqv9P9sWF6h+R5vZ8126+pxB1EX8CZtOPduw==",
      "license": "MIT"
    },
    "node_modules/sorted-btree": {
      "version": "1.8.1",
      "resolved": "https://registry.npmjs.org/sorted-btree/-/sorted-btree-1.8.1.tgz",
      "integrity": "sha512-395+XIP+wqNn3USkFSrNz7G3Ss/MXlZEqesxvzCRFwL14h6e8LukDHdLBePn5pwbm5OQ9vGu8mDyz2lLDIqamQ==",
      "license": "MIT"
    }
  }
}
